// !$*UTF8*$!
{
	archiveVersion = 1;
	classes = {
	};
	objectVersion = 50;
	objects = {

/* Begin PBXBuildFile section */
		F9C5141121F5DF520016F673 /* AppDelegate.m in Sources */ = {isa = PBXBuildFile; fileRef = F9C5141021F5DF520016F673 /* AppDelegate.m */; };
		F9C5141421F5DF520016F673 /* ViewController.m in Sources */ = {isa = PBXBuildFile; fileRef = F9C5141321F5DF520016F673 /* ViewController.m */; };
		F9C5141721F5DF520016F673 /* Main.storyboard in Resources */ = {isa = PBXBuildFile; fileRef = F9C5141521F5DF520016F673 /* Main.storyboard */; };
		F9C5141921F5DF570016F673 /* Assets.xcassets in Resources */ = {isa = PBXBuildFile; fileRef = F9C5141821F5DF570016F673 /* Assets.xcassets */; };
		F9C5141C21F5DF570016F673 /* LaunchScreen.storyboard in Resources */ = {isa = PBXBuildFile; fileRef = F9C5141A21F5DF570016F673 /* LaunchScreen.storyboard */; };
		F9C5141F21F5DF570016F673 /* main.m in Sources */ = {isa = PBXBuildFile; fileRef = F9C5141E21F5DF570016F673 /* main.m */; };
/* End PBXBuildFile section */

/* Begin PBXFileReference section */
		F9C5140C21F5DF520016F673 /* sample-ios.app */ = {isa = PBXFileReference; explicitFileType = wrapper.application; includeInIndex = 0; path = "sample-ios.app"; sourceTree = BUILT_PRODUCTS_DIR; };
		F9C5140F21F5DF520016F673 /* AppDelegate.h */ = {isa = PBXFileReference; lastKnownFileType = sourcecode.c.h; path = AppDelegate.h; sourceTree = "<group>"; };
		F9C5141021F5DF520016F673 /* AppDelegate.m */ = {isa = PBXFileReference; lastKnownFileType = sourcecode.c.objc; path = AppDelegate.m; sourceTree = "<group>"; };
		F9C5141221F5DF520016F673 /* ViewController.h */ = {isa = PBXFileReference; lastKnownFileType = sourcecode.c.h; path = ViewController.h; sourceTree = "<group>"; };
		F9C5141321F5DF520016F673 /* ViewController.m */ = {isa = PBXFileReference; lastKnownFileType = sourcecode.c.objc; path = ViewController.m; sourceTree = "<group>"; };
		F9C5141621F5DF520016F673 /* Base */ = {isa = PBXFileReference; lastKnownFileType = file.storyboard; name = Base; path = Base.lproj/Main.storyboard; sourceTree = "<group>"; };
		F9C5141821F5DF570016F673 /* Assets.xcassets */ = {isa = PBXFileReference; lastKnownFileType = folder.assetcatalog; path = Assets.xcassets; sourceTree = "<group>"; };
		F9C5141B21F5DF570016F673 /* Base */ = {isa = PBXFileReference; lastKnownFileType = file.storyboard; name = Base; path = Base.lproj/LaunchScreen.storyboard; sourceTree = "<group>"; };
		F9C5141D21F5DF570016F673 /* Info.plist */ = {isa = PBXFileReference; lastKnownFileType = text.plist.xml; path = Info.plist; sourceTree = "<group>"; };
		F9C5141E21F5DF570016F673 /* main.m */ = {isa = PBXFileReference; lastKnownFileType = sourcecode.c.objc; path = main.m; sourceTree = "<group>"; };
/* End PBXFileReference section */

/* Begin PBXFrameworksBuildPhase section */
		F9C5140921F5DF520016F673 /* Frameworks */ = {
			isa = PBXFrameworksBuildPhase;
			buildActionMask = 2147483647;
			files = (
			);
			runOnlyForDeploymentPostprocessing = 0;
		};
/* End PBXFrameworksBuildPhase section */

/* Begin PBXGroup section */
		F9C5140321F5DF520016F673 = {
			isa = PBXGroup;
			children = (
				F9C5140E21F5DF520016F673 /* sample-ios */,
				F9C5140D21F5DF520016F673 /* Products */,
			);
			sourceTree = "<group>";
		};
		F9C5140D21F5DF520016F673 /* Products */ = {
			isa = PBXGroup;
			children = (
				F9C5140C21F5DF520016F673 /* sample-ios.app */,
			);
			name = Products;
			sourceTree = "<group>";
		};
		F9C5140E21F5DF520016F673 /* sample-ios */ = {
			isa = PBXGroup;
			children = (
				F9C5140F21F5DF520016F673 /* AppDelegate.h */,
				F9C5141021F5DF520016F673 /* AppDelegate.m */,
				F9C5141221F5DF520016F673 /* ViewController.h */,
				F9C5141321F5DF520016F673 /* ViewController.m */,
				F9C5141521F5DF520016F673 /* Main.storyboard */,
				F9C5141821F5DF570016F673 /* Assets.xcassets */,
				F9C5141A21F5DF570016F673 /* LaunchScreen.storyboard */,
				F9C5141D21F5DF570016F673 /* Info.plist */,
				F9C5141E21F5DF570016F673 /* main.m */,
			);
			path = "sample-ios";
			sourceTree = "<group>";
		};
/* End PBXGroup section */

/* Begin PBXNativeTarget section */
		F9C5140B21F5DF520016F673 /* sample-ios */ = {
			isa = PBXNativeTarget;
			buildConfigurationList = F9C5142221F5DF570016F673 /* Build configuration list for PBXNativeTarget "sample-ios" */;
			buildPhases = (
				F9C5140821F5DF520016F673 /* Sources */,
				F9C5140921F5DF520016F673 /* Frameworks */,
				F9C5140A21F5DF520016F673 /* Resources */,
			);
			buildRules = (
			);
			dependencies = (
			);
			name = "sample-ios";
			productName = "sample-ios";
			productReference = F9C5140C21F5DF520016F673 /* sample-ios.app */;
			productType = "com.apple.product-type.application";
		};
/* End PBXNativeTarget section */

/* Begin PBXProject section */
		F9C5140421F5DF520016F673 /* Project object */ = {
			isa = PBXProject;
			attributes = {
				LastUpgradeCheck = 1010;
				ORGANIZATIONNAME = "양현찬";
				TargetAttributes = {
					F9C5140B21F5DF520016F673 = {
						CreatedOnToolsVersion = 10.1;
					};
				};
			};
			buildConfigurationList = F9C5140721F5DF520016F673 /* Build configuration list for PBXProject "sample-ios" */;
			compatibilityVersion = "Xcode 9.3";
			developmentRegion = en;
			hasScannedForEncodings = 0;
			knownRegions = (
				en,
				Base,
			);
			mainGroup = F9C5140321F5DF520016F673;
			productRefGroup = F9C5140D21F5DF520016F673 /* Products */;
			projectDirPath = "";
			projectRoot = "";
			targets = (
				F9C5140B21F5DF520016F673 /* sample-ios */,
			);
		};
/* End PBXProject section */

/* Begin PBXResourcesBuildPhase section */
		F9C5140A21F5DF520016F673 /* Resources */ = {
			isa = PBXResourcesBuildPhase;
			buildActionMask = 2147483647;
			files = (
				F9C5141C21F5DF570016F673 /* LaunchScreen.storyboard in Resources */,
				F9C5141921F5DF570016F673 /* Assets.xcassets in Resources */,
				F9C5141721F5DF520016F673 /* Main.storyboard in Resources */,
			);
			runOnlyForDeploymentPostprocessing = 0;
		};
/* End PBXResourcesBuildPhase section */

/* Begin PBXSourcesBuildPhase section */
		F9C5140821F5DF520016F673 /* Sources */ = {
			isa = PBXSourcesBuildPhase;
			buildActionMask = 2147483647;
			files = (
				F9C5141421F5DF520016F673 /* ViewController.m in Sources */,
				F9C5141F21F5DF570016F673 /* main.m in Sources */,
				F9C5141121F5DF520016F673 /* AppDelegate.m in Sources */,
			);
			runOnlyForDeploymentPostprocessing = 0;
		};
/* End PBXSourcesBuildPhase section */

/* Begin PBXVariantGroup section */
		F9C5141521F5DF520016F673 /* Main.storyboard */ = {
			isa = PBXVariantGroup;
			children = (
				F9C5141621F5DF520016F673 /* Base */,
			);
			name = Main.storyboard;
			sourceTree = "<group>";
		};
		F9C5141A21F5DF570016F673 /* LaunchScreen.storyboard */ = {
			isa = PBXVariantGroup;
			children = (
				F9C5141B21F5DF570016F673 /* Base */,
			);
			name = LaunchScreen.storyboard;
			sourceTree = "<group>";
		};
/* End PBXVariantGroup section */

/* Begin XCBuildConfiguration section */
		F9C5142021F5DF570016F673 /* Debug */ = {
			isa = XCBuildConfiguration;
			buildSettings = {
				ALWAYS_SEARCH_USER_PATHS = NO;
				CLANG_ANALYZER_NONNULL = YES;
				CLANG_ANALYZER_NUMBER_OBJECT_CONVERSION = YES_AGGRESSIVE;
				CLANG_CXX_LANGUAGE_STANDARD = "gnu++14";
				CLANG_CXX_LIBRARY = "libc++";
				CLANG_ENABLE_MODULES = YES;
				CLANG_ENABLE_OBJC_ARC = YES;
				CLANG_ENABLE_OBJC_WEAK = YES;
				CLANG_WARN_BLOCK_CAPTURE_AUTORELEASING = YES;
				CLANG_WARN_BOOL_CONVERSION = YES;
				CLANG_WARN_COMMA = YES;
				CLANG_WARN_CONSTANT_CONVERSION = YES;
				CLANG_WARN_DEPRECATED_OBJC_IMPLEMENTATIONS = YES;
				CLANG_WARN_DIRECT_OBJC_ISA_USAGE = YES_ERROR;
				CLANG_WARN_DOCUMENTATION_COMMENTS = YES;
				CLANG_WARN_EMPTY_BODY = YES;
				CLANG_WARN_ENUM_CONVERSION = YES;
				CLANG_WARN_INFINITE_RECURSION = YES;
				CLANG_WARN_INT_CONVERSION = YES;
				CLANG_WARN_NON_LITERAL_NULL_CONVERSION = YES;
				CLANG_WARN_OBJC_IMPLICIT_RETAIN_SELF = YES;
				CLANG_WARN_OBJC_LITERAL_CONVERSION = YES;
				CLANG_WARN_OBJC_ROOT_CLASS = YES_ERROR;
				CLANG_WARN_RANGE_LOOP_ANALYSIS = YES;
				CLANG_WARN_STRICT_PROTOTYPES = YES;
				CLANG_WARN_SUSPICIOUS_MOVE = YES;
				CLANG_WARN_UNGUARDED_AVAILABILITY = YES_AGGRESSIVE;
				CLANG_WARN_UNREACHABLE_CODE = YES;
				CLANG_WARN__DUPLICATE_METHOD_MATCH = YES;
				CODE_SIGN_IDENTITY = "iPhone Developer";
				COPY_PHASE_STRIP = NO;
				DEBUG_INFORMATION_FORMAT = dwarf;
				ENABLE_STRICT_OBJC_MSGSEND = YES;
				ENABLE_TESTABILITY = YES;
				GCC_C_LANGUAGE_STANDARD = gnu11;
				GCC_DYNAMIC_NO_PIC = NO;
				GCC_NO_COMMON_BLOCKS = YES;
				GCC_OPTIMIZATION_LEVEL = 0;
				GCC_PREPROCESSOR_DEFINITIONS = (
					"DEBUG=1",
					"$(inherited)",
				);
				GCC_WARN_64_TO_32_BIT_CONVERSION = YES;
				GCC_WARN_ABOUT_RETURN_TYPE = YES_ERROR;
				GCC_WARN_UNDECLARED_SELECTOR = YES;
				GCC_WARN_UNINITIALIZED_AUTOS = YES_AGGRESSIVE;
				GCC_WARN_UNUSED_FUNCTION = YES;
				GCC_WARN_UNUSED_VARIABLE = YES;
				IPHONEOS_DEPLOYMENT_TARGET = 12.1;
				MTL_ENABLE_DEBUG_INFO = INCLUDE_SOURCE;
				MTL_FAST_MATH = YES;
				ONLY_ACTIVE_ARCH = YES;
				SDKROOT = iphoneos;
			};
			name = Debug;
		};
		F9C5142121F5DF570016F673 /* Release */ = {
			isa = XCBuildConfiguration;
			buildSettings = {
				ALWAYS_SEARCH_USER_PATHS = NO;
				CLANG_ANALYZER_NONNULL = YES;
				CLANG_ANALYZER_NUMBER_OBJECT_CONVERSION = YES_AGGRESSIVE;
				CLANG_CXX_LANGUAGE_STANDARD = "gnu++14";
				CLANG_CXX_LIBRARY = "libc++";
				CLANG_ENABLE_MODULES = YES;
				CLANG_ENABLE_OBJC_ARC = YES;
				CLANG_ENABLE_OBJC_WEAK = YES;
				CLANG_WARN_BLOCK_CAPTURE_AUTORELEASING = YES;
				CLANG_WARN_BOOL_CONVERSION = YES;
				CLANG_WARN_COMMA = YES;
				CLANG_WARN_CONSTANT_CONVERSION = YES;
				CLANG_WARN_DEPRECATED_OBJC_IMPLEMENTATIONS = YES;
				CLANG_WARN_DIRECT_OBJC_ISA_USAGE = YES_ERROR;
				CLANG_WARN_DOCUMENTATION_COMMENTS = YES;
				CLANG_WARN_EMPTY_BODY = YES;
				CLANG_WARN_ENUM_CONVERSION = YES;
				CLANG_WARN_INFINITE_RECURSION = YES;
				CLANG_WARN_INT_CONVERSION = YES;
				CLANG_WARN_NON_LITERAL_NULL_CONVERSION = YES;
				CLANG_WARN_OBJC_IMPLICIT_RETAIN_SELF = YES;
				CLANG_WARN_OBJC_LITERAL_CONVERSION = YES;
				CLANG_WARN_OBJC_ROOT_CLASS = YES_ERROR;
				CLANG_WARN_RANGE_LOOP_ANALYSIS = YES;
				CLANG_WARN_STRICT_PROTOTYPES = YES;
				CLANG_WARN_SUSPICIOUS_MOVE = YES;
				CLANG_WARN_UNGUARDED_AVAILABILITY = YES_AGGRESSIVE;
				CLANG_WARN_UNREACHABLE_CODE = YES;
				CLANG_WARN__DUPLICATE_METHOD_MATCH = YES;
				CODE_SIGN_IDENTITY = "iPhone Developer";
				COPY_PHASE_STRIP = NO;
				DEBUG_INFORMATION_FORMAT = "dwarf-with-dsym";
				ENABLE_NS_ASSERTIONS = NO;
				ENABLE_STRICT_OBJC_MSGSEND = YES;
				GCC_C_LANGUAGE_STANDARD = gnu11;
				GCC_NO_COMMON_BLOCKS = YES;
				GCC_WARN_64_TO_32_BIT_CONVERSION = YES;
				GCC_WARN_ABOUT_RETURN_TYPE = YES_ERROR;
				GCC_WARN_UNDECLARED_SELECTOR = YES;
				GCC_WARN_UNINITIALIZED_AUTOS = YES_AGGRESSIVE;
				GCC_WARN_UNUSED_FUNCTION = YES;
				GCC_WARN_UNUSED_VARIABLE = YES;
				IPHONEOS_DEPLOYMENT_TARGET = 12.1;
				MTL_ENABLE_DEBUG_INFO = NO;
				MTL_FAST_MATH = YES;
				SDKROOT = iphoneos;
				VALIDATE_PRODUCT = YES;
			};
			name = Release;
		};
		F9C5142321F5DF570016F673 /* Debug */ = {
			isa = XCBuildConfiguration;
			buildSettings = {
				ASSETCATALOG_COMPILER_APPICON_NAME = AppIcon;
				CODE_SIGN_STYLE = Automatic;
				DEVELOPMENT_TEAM = 9R2XYAWGF8;
				INFOPLIST_FILE = "sample-ios/Info.plist";
				LD_RUNPATH_SEARCH_PATHS = (
					"$(inherited)",
					"@executable_path/Frameworks",
				);
				PRODUCT_BUNDLE_IDENTIFIER = "blackfrog.sample-ios";
				PRODUCT_NAME = "$(TARGET_NAME)";
				TARGETED_DEVICE_FAMILY = "1,2";
			};
			name = Debug;
		};
		F9C5142421F5DF570016F673 /* Release */ = {
			isa = XCBuildConfiguration;
			buildSettings = {
				ASSETCATALOG_COMPILER_APPICON_NAME = AppIcon;
				CODE_SIGN_STYLE = Automatic;
				DEVELOPMENT_TEAM = 9R2XYAWGF8;
				INFOPLIST_FILE = "sample-ios/Info.plist";
				LD_RUNPATH_SEARCH_PATHS = (
					"$(inherited)",
					"@executable_path/Frameworks",
				);
				PRODUCT_BUNDLE_IDENTIFIER = "blackfrog.sample-ios";
				PRODUCT_NAME = "$(TARGET_NAME)";
				TARGETED_DEVICE_FAMILY = "1,2";
			};
			name = Release;
		};
/* End XCBuildConfiguration section */

/* Begin XCConfigurationList section */
		F9C5140721F5DF520016F673 /* Build configuration list for PBXProject "sample-ios" */ = {
			isa = XCConfigurationList;
			buildConfigurations = (
				F9C5142021F5DF570016F673 /* Debug */,
				F9C5142121F5DF570016F673 /* Release */,
			);
			defaultConfigurationIsVisible = 0;
			defaultConfigurationName = Release;
		};
		F9C5142221F5DF570016F673 /* Build configuration list for PBXNativeTarget "sample-ios" */ = {
			isa = XCConfigurationList;
			buildConfigurations = (
				F9C5142321F5DF570016F673 /* Debug */,
				F9C5142421F5DF570016F673 /* Release */,
			);
			defaultConfigurationIsVisible = 0;
			defaultConfigurationName = Release;
		};
/* End XCConfigurationList section */
	};
	rootObject = F9C5140421F5DF520016F673 /* Project object */;
}
