<?xml version="1.0" encoding="utf-8"?>
<Project ToolsVersion="4.0" xmlns="http://schemas.microsoft.com/developer/msbuild/2003">
  <ItemGroup>
    <Filter Include="src">
      <UniqueIdentifier>{ac8d7bdf-3a96-439a-8128-8c0abde520e8}</UniqueIdentifier>
    </Filter>
    <Filter Include="src-windows">
      <UniqueIdentifier>{937a8ec0-4ed6-4999-b8b6-f6a529358df4}</UniqueIdentifier>
    </Filter>
    <Filter Include="src-unix">
      <UniqueIdentifier>{e55f23eb-a6d6-4937-941e-252dd3de359c}</UniqueIdentifier>
    </Filter>
  </ItemGroup>
  <ItemGroup>
    <ClInclude Include="allocator.hpp">
      <Filter>src</Filter>
    </ClInclude>
    <ClInclude Include="atomic.h">
      <Filter>src</Filter>
    </ClInclude>
    <ClInclude Include="atomic-stack.hpp">
      <Filter>src</Filter>
    </ClInclude>
    <ClInclude Include="memory.h">
      <Filter>src</Filter>
    </ClInclude>
    <ClInclude Include="memory-pool.h">
      <Filter>src</Filter>
    </ClInclude>
    <ClInclude Include="preprocessor.h">
      <Filter>src</Filter>
    </ClInclude>
  </ItemGroup>
  <ItemGroup>
    <ClCompile Include="memory-pool.cpp">
      <Filter>src</Filter>
    </ClCompile>
    <ClCompile Include="memory-unix.cpp">
      <Filter>src-unix</Filter>
    </ClCompile>
    <ClCompile Include="memory-windows.cpp">
      <Filter>src-windows</Filter>
    </ClCompile>
    <ClCompile Include="atomic-unix.cpp">
      <Filter>src-unix</Filter>
    </ClCompile>
    <ClCompile Include="atomic-windows.cpp">
      <Filter>src-windows</Filter>
    </ClCompile>
  </ItemGroup>
</Project>