<?xml version="1.0" encoding="utf-8"?>
<Project ToolsVersion="4.0" xmlns="http://schemas.microsoft.com/developer/msbuild/2003">
  <ItemGroup>
    <Filter Include="src">
      <UniqueIdentifier>{040bab11-6ffd-47c0-834d-0775e696e239}</UniqueIdentifier>
    </Filter>
  </ItemGroup>
  <ItemGroup>
    <ClInclude Include="vector.hpp">
      <Filter>src</Filter>
    </ClInclude>
  </ItemGroup>
</Project>